// !$*UTF8*$!
{
	archiveVersion = 1;
	classes = {
	};
	objectVersion = 50;
	objects = {

/* Begin PBXBuildFile section */
		817AFD349397E7BBB4D6F579 /* libPods-SKIncomeTaxCalculator.a in Frameworks */ = {isa = PBXBuildFile; fileRef = A1E57A6CD1AF3EF347BDB1BB /* libPods-SKIncomeTaxCalculator.a */; };
		B0FCD60121D242B70082E795 /* AppDelegate.m in Sources */ = {isa = PBXBuildFile; fileRef = B0FCD60021D242B70082E795 /* AppDelegate.m */; };
		B0FCD60421D242B70082E795 /* SKADTestViewController.m in Sources */ = {isa = PBXBuildFile; fileRef = B0FCD60321D242B70082E795 /* SKADTestViewController.m */; };
		B0FCD60721D242B70082E795 /* Main.storyboard in Resources */ = {isa = PBXBuildFile; fileRef = B0FCD60521D242B70082E795 /* Main.storyboard */; };
		B0FCD60921D242CA0082E795 /* Assets.xcassets in Resources */ = {isa = PBXBuildFile; fileRef = B0FCD60821D242CA0082E795 /* Assets.xcassets */; };
		B0FCD60C21D242CA0082E795 /* LaunchScreen.storyboard in Resources */ = {isa = PBXBuildFile; fileRef = B0FCD60A21D242CA0082E795 /* LaunchScreen.storyboard */; };
		B0FCD60F21D242CA0082E795 /* main.m in Sources */ = {isa = PBXBuildFile; fileRef = B0FCD60E21D242CA0082E795 /* main.m */; };
/* End PBXBuildFile section */

/* Begin PBXFileReference section */
		A1E57A6CD1AF3EF347BDB1BB /* libPods-SKIncomeTaxCalculator.a */ = {isa = PBXFileReference; explicitFileType = archive.ar; includeInIndex = 0; path = "libPods-SKIncomeTaxCalculator.a"; sourceTree = BUILT_PRODUCTS_DIR; };
		ACF854F6109D64F9F5E6CD54 /* Pods-SKIncomeTaxCalculator.release.xcconfig */ = {isa = PBXFileReference; includeInIndex = 1; lastKnownFileType = text.xcconfig; name = "Pods-SKIncomeTaxCalculator.release.xcconfig"; path = "Pods/Target Support Files/Pods-SKIncomeTaxCalculator/Pods-SKIncomeTaxCalculator.release.xcconfig"; sourceTree = "<group>"; };
		B0BB7C51DCD7B605ABD120D9 /* Pods-SKIncomeTaxCalculator.debug.xcconfig */ = {isa = PBXFileReference; includeInIndex = 1; lastKnownFileType = text.xcconfig; name = "Pods-SKIncomeTaxCalculator.debug.xcconfig"; path = "Pods/Target Support Files/Pods-SKIncomeTaxCalculator/Pods-SKIncomeTaxCalculator.debug.xcconfig"; sourceTree = "<group>"; };
		B0FCD5FC21D242B70082E795 /* SKIncomeTaxCalculator.app */ = {isa = PBXFileReference; explicitFileType = wrapper.application; includeInIndex = 0; path = SKIncomeTaxCalculator.app; sourceTree = BUILT_PRODUCTS_DIR; };
		B0FCD5FF21D242B70082E795 /* AppDelegate.h */ = {isa = PBXFileReference; lastKnownFileType = sourcecode.c.h; path = AppDelegate.h; sourceTree = "<group>"; };
		B0FCD60021D242B70082E795 /* AppDelegate.m */ = {isa = PBXFileReference; lastKnownFileType = sourcecode.c.objc; path = AppDelegate.m; sourceTree = "<group>"; };
		B0FCD60221D242B70082E795 /* SKADTestViewController.h */ = {isa = PBXFileReference; lastKnownFileType = sourcecode.c.h; path = SKADTestViewController.h; sourceTree = "<group>"; };
		B0FCD60321D242B70082E795 /* SKADTestViewController.m */ = {isa = PBXFileReference; lastKnownFileType = sourcecode.c.objc; path = SKADTestViewController.m; sourceTree = "<group>"; };
		B0FCD60621D242B70082E795 /* Base */ = {isa = PBXFileReference; lastKnownFileType = file.storyboard; name = Base; path = Base.lproj/Main.storyboard; sourceTree = "<group>"; };
		B0FCD60821D242CA0082E795 /* Assets.xcassets */ = {isa = PBXFileReference; lastKnownFileType = folder.assetcatalog; path = Assets.xcassets; sourceTree = "<group>"; };
		B0FCD60B21D242CA0082E795 /* Base */ = {isa = PBXFileReference; lastKnownFileType = file.storyboard; name = Base; path = Base.lproj/LaunchScreen.storyboard; sourceTree = "<group>"; };
		B0FCD60D21D242CA0082E795 /* Info.plist */ = {isa = PBXFileReference; lastKnownFileType = text.plist.xml; path = Info.plist; sourceTree = "<group>"; };
		B0FCD60E21D242CA0082E795 /* main.m */ = {isa = PBXFileReference; lastKnownFileType = sourcecode.c.objc; path = main.m; sourceTree = "<group>"; };
		B0FCD61521D25C100082E795 /* SKDef.h */ = {isa = PBXFileReference; lastKnownFileType = sourcecode.c.h; path = SKDef.h; sourceTree = "<group>"; };
/* End PBXFileReference section */

/* Begin PBXFrameworksBuildPhase section */
		B0FCD5F921D242B70082E795 /* Frameworks */ = {
			isa = PBXFrameworksBuildPhase;
			buildActionMask = 2147483647;
			files = (
				817AFD349397E7BBB4D6F579 /* libPods-SKIncomeTaxCalculator.a in Frameworks */,
			);
			runOnlyForDeploymentPostprocessing = 0;
		};
/* End PBXFrameworksBuildPhase section */

/* Begin PBXGroup section */
		32E670086CB3C53B5DA58C9D /* Pods */ = {
			isa = PBXGroup;
			children = (
				B0BB7C51DCD7B605ABD120D9 /* Pods-SKIncomeTaxCalculator.debug.xcconfig */,
				ACF854F6109D64F9F5E6CD54 /* Pods-SKIncomeTaxCalculator.release.xcconfig */,
			);
			name = Pods;
			sourceTree = "<group>";
		};
		720606143961302BE78CA069 /* Frameworks */ = {
			isa = PBXGroup;
			children = (
				A1E57A6CD1AF3EF347BDB1BB /* libPods-SKIncomeTaxCalculator.a */,
			);
			name = Frameworks;
			sourceTree = "<group>";
		};
		B0FCD5F321D242B70082E795 = {
			isa = PBXGroup;
			children = (
				B0FCD5FE21D242B70082E795 /* SKIncomeTaxCalculator */,
				B0FCD5FD21D242B70082E795 /* Products */,
				32E670086CB3C53B5DA58C9D /* Pods */,
				720606143961302BE78CA069 /* Frameworks */,
			);
			sourceTree = "<group>";
		};
		B0FCD5FD21D242B70082E795 /* Products */ = {
			isa = PBXGroup;
			children = (
				B0FCD5FC21D242B70082E795 /* SKIncomeTaxCalculator.app */,
			);
			name = Products;
			sourceTree = "<group>";
		};
		B0FCD5FE21D242B70082E795 /* SKIncomeTaxCalculator */ = {
			isa = PBXGroup;
			children = (
				B0FCD5FF21D242B70082E795 /* AppDelegate.h */,
				B0FCD60021D242B70082E795 /* AppDelegate.m */,
				B0FCD60221D242B70082E795 /* SKADTestViewController.h */,
				B0FCD60321D242B70082E795 /* SKADTestViewController.m */,
				B0FCD60521D242B70082E795 /* Main.storyboard */,
				B0FCD60821D242CA0082E795 /* Assets.xcassets */,
				B0FCD60A21D242CA0082E795 /* LaunchScreen.storyboard */,
				B0FCD60D21D242CA0082E795 /* Info.plist */,
				B0FCD60E21D242CA0082E795 /* main.m */,
				B0FCD61521D25C100082E795 /* SKDef.h */,
			);
			path = SKIncomeTaxCalculator;
			sourceTree = "<group>";
		};
/* End PBXGroup section */

/* Begin PBXNativeTarget section */
		B0FCD5FB21D242B70082E795 /* SKIncomeTaxCalculator */ = {
			isa = PBXNativeTarget;
			buildConfigurationList = B0FCD61221D242CA0082E795 /* Build configuration list for PBXNativeTarget "SKIncomeTaxCalculator" */;
			buildPhases = (
				44C670CBFD88405D9E4866F1 /* [CP] Check Pods Manifest.lock */,
				B0FCD5F821D242B70082E795 /* Sources */,
				B0FCD5F921D242B70082E795 /* Frameworks */,
				B0FCD5FA21D242B70082E795 /* Resources */,
			);
			buildRules = (
			);
			dependencies = (
			);
			name = SKIncomeTaxCalculator;
			productName = SKIncomeTaxCalculator;
			productReference = B0FCD5FC21D242B70082E795 /* SKIncomeTaxCalculator.app */;
			productType = "com.apple.product-type.application";
		};
/* End PBXNativeTarget section */

/* Begin PBXProject section */
		B0FCD5F421D242B70082E795 /* Project object */ = {
			isa = PBXProject;
			attributes = {
				CLASSPREFIX = SK;
				LastUpgradeCheck = 1010;
				ORGANIZATIONNAME = skyline;
				TargetAttributes = {
					B0FCD5FB21D242B70082E795 = {
						CreatedOnToolsVersion = 10.1;
					};
				};
			};
			buildConfigurationList = B0FCD5F721D242B70082E795 /* Build configuration list for PBXProject "SKIncomeTaxCalculator" */;
			compatibilityVersion = "Xcode 9.3";
			developmentRegion = en;
			hasScannedForEncodings = 0;
			knownRegions = (
				en,
				Base,
			);
			mainGroup = B0FCD5F321D242B70082E795;
			productRefGroup = B0FCD5FD21D242B70082E795 /* Products */;
			projectDirPath = "";
			projectRoot = "";
			targets = (
				B0FCD5FB21D242B70082E795 /* SKIncomeTaxCalculator */,
			);
		};
/* End PBXProject section */

/* Begin PBXResourcesBuildPhase section */
		B0FCD5FA21D242B70082E795 /* Resources */ = {
			isa = PBXResourcesBuildPhase;
			buildActionMask = 2147483647;
			files = (
				B0FCD60C21D242CA0082E795 /* LaunchScreen.storyboard in Resources */,
				B0FCD60921D242CA0082E795 /* Assets.xcassets in Resources */,
				B0FCD60721D242B70082E795 /* Main.storyboard in Resources */,
			);
			runOnlyForDeploymentPostprocessing = 0;
		};
/* End PBXResourcesBuildPhase section */

/* Begin PBXShellScriptBuildPhase section */
		44C670CBFD88405D9E4866F1 /* [CP] Check Pods Manifest.lock */ = {
			isa = PBXShellScriptBuildPhase;
			buildActionMask = 2147483647;
			files = (
			);
			inputFileListPaths = (
			);
			inputPaths = (
				"${PODS_PODFILE_DIR_PATH}/Podfile.lock",
				"${PODS_ROOT}/Manifest.lock",
			);
			name = "[CP] Check Pods Manifest.lock";
			outputFileListPaths = (
			);
			outputPaths = (
				"$(DERIVED_FILE_DIR)/Pods-SKIncomeTaxCalculator-checkManifestLockResult.txt",
			);
			runOnlyForDeploymentPostprocessing = 0;
			shellPath = /bin/sh;
			shellScript = "diff \"${PODS_PODFILE_DIR_PATH}/Podfile.lock\" \"${PODS_ROOT}/Manifest.lock\" > /dev/null\nif [ $? != 0 ] ; then\n    # print error to STDERR\n    echo \"error: The sandbox is not in sync with the Podfile.lock. Run 'pod install' or update your CocoaPods installation.\" >&2\n    exit 1\nfi\n# This output is used by Xcode 'outputs' to avoid re-running this script phase.\necho \"SUCCESS\" > \"${SCRIPT_OUTPUT_FILE_0}\"\n";
			showEnvVarsInLog = 0;
		};
/* End PBXShellScriptBuildPhase section */

/* Begin PBXSourcesBuildPhase section */
		B0FCD5F821D242B70082E795 /* Sources */ = {
			isa = PBXSourcesBuildPhase;
			buildActionMask = 2147483647;
			files = (
				B0FCD60421D242B70082E795 /* SKADTestViewController.m in Sources */,
				B0FCD60F21D242CA0082E795 /* main.m in Sources */,
				B0FCD60121D242B70082E795 /* AppDelegate.m in Sources */,
			);
			runOnlyForDeploymentPostprocessing = 0;
		};
/* End PBXSourcesBuildPhase section */

/* Begin PBXVariantGroup section */
		B0FCD60521D242B70082E795 /* Main.storyboard */ = {
			isa = PBXVariantGroup;
			children = (
				B0FCD60621D242B70082E795 /* Base */,
			);
			name = Main.storyboard;
			sourceTree = "<group>";
		};
		B0FCD60A21D242CA0082E795 /* LaunchScreen.storyboard */ = {
			isa = PBXVariantGroup;
			children = (
				B0FCD60B21D242CA0082E795 /* Base */,
			);
			name = LaunchScreen.storyboard;
			sourceTree = "<group>";
		};
/* End PBXVariantGroup section */

/* Begin XCBuildConfiguration section */
		B0FCD61021D242CA0082E795 /* Debug */ = {
			isa = XCBuildConfiguration;
			buildSettings = {
				ALWAYS_SEARCH_USER_PATHS = NO;
				CLANG_ANALYZER_NONNULL = YES;
				CLANG_ANALYZER_NUMBER_OBJECT_CONVERSION = YES_AGGRESSIVE;
				CLANG_CXX_LANGUAGE_STANDARD = "gnu++14";
				CLANG_CXX_LIBRARY = "libc++";
				CLANG_ENABLE_MODULES = YES;
				CLANG_ENABLE_OBJC_ARC = YES;
				CLANG_ENABLE_OBJC_WEAK = YES;
				CLANG_WARN_BLOCK_CAPTURE_AUTORELEASING = YES;
				CLANG_WARN_BOOL_CONVERSION = YES;
				CLANG_WARN_COMMA = YES;
				CLANG_WARN_CONSTANT_CONVERSION = YES;
				CLANG_WARN_DEPRECATED_OBJC_IMPLEMENTATIONS = YES;
				CLANG_WARN_DIRECT_OBJC_ISA_USAGE = YES_ERROR;
				CLANG_WARN_DOCUMENTATION_COMMENTS = YES;
				CLANG_WARN_EMPTY_BODY = YES;
				CLANG_WARN_ENUM_CONVERSION = YES;
				CLANG_WARN_INFINITE_RECURSION = YES;
				CLANG_WARN_INT_CONVERSION = YES;
				CLANG_WARN_NON_LITERAL_NULL_CONVERSION = YES;
				CLANG_WARN_OBJC_IMPLICIT_RETAIN_SELF = YES;
				CLANG_WARN_OBJC_LITERAL_CONVERSION = YES;
				CLANG_WARN_OBJC_ROOT_CLASS = YES_ERROR;
				CLANG_WARN_RANGE_LOOP_ANALYSIS = YES;
				CLANG_WARN_STRICT_PROTOTYPES = YES;
				CLANG_WARN_SUSPICIOUS_MOVE = YES;
				CLANG_WARN_UNGUARDED_AVAILABILITY = YES_AGGRESSIVE;
				CLANG_WARN_UNREACHABLE_CODE = YES;
				CLANG_WARN__DUPLICATE_METHOD_MATCH = YES;
				CODE_SIGN_IDENTITY = "iPhone Developer";
				COPY_PHASE_STRIP = NO;
				DEBUG_INFORMATION_FORMAT = dwarf;
				ENABLE_STRICT_OBJC_MSGSEND = YES;
				ENABLE_TESTABILITY = YES;
				GCC_C_LANGUAGE_STANDARD = gnu11;
				GCC_DYNAMIC_NO_PIC = NO;
				GCC_NO_COMMON_BLOCKS = YES;
				GCC_OPTIMIZATION_LEVEL = 0;
				GCC_PREPROCESSOR_DEFINITIONS = (
					"DEBUG=1",
					"$(inherited)",
				);
				GCC_WARN_64_TO_32_BIT_CONVERSION = YES;
				GCC_WARN_ABOUT_RETURN_TYPE = YES_ERROR;
				GCC_WARN_UNDECLARED_SELECTOR = YES;
				GCC_WARN_UNINITIALIZED_AUTOS = YES_AGGRESSIVE;
				GCC_WARN_UNUSED_FUNCTION = YES;
				GCC_WARN_UNUSED_VARIABLE = YES;
				IPHONEOS_DEPLOYMENT_TARGET = 12.1;
				MTL_ENABLE_DEBUG_INFO = INCLUDE_SOURCE;
				MTL_FAST_MATH = YES;
				ONLY_ACTIVE_ARCH = YES;
				SDKROOT = iphoneos;
			};
			name = Debug;
		};
		B0FCD61121D242CA0082E795 /* Release */ = {
			isa = XCBuildConfiguration;
			buildSettings = {
				ALWAYS_SEARCH_USER_PATHS = NO;
				CLANG_ANALYZER_NONNULL = YES;
				CLANG_ANALYZER_NUMBER_OBJECT_CONVERSION = YES_AGGRESSIVE;
				CLANG_CXX_LANGUAGE_STANDARD = "gnu++14";
				CLANG_CXX_LIBRARY = "libc++";
				CLANG_ENABLE_MODULES = YES;
				CLANG_ENABLE_OBJC_ARC = YES;
				CLANG_ENABLE_OBJC_WEAK = YES;
				CLANG_WARN_BLOCK_CAPTURE_AUTORELEASING = YES;
				CLANG_WARN_BOOL_CONVERSION = YES;
				CLANG_WARN_COMMA = YES;
				CLANG_WARN_CONSTANT_CONVERSION = YES;
				CLANG_WARN_DEPRECATED_OBJC_IMPLEMENTATIONS = YES;
				CLANG_WARN_DIRECT_OBJC_ISA_USAGE = YES_ERROR;
				CLANG_WARN_DOCUMENTATION_COMMENTS = YES;
				CLANG_WARN_EMPTY_BODY = YES;
				CLANG_WARN_ENUM_CONVERSION = YES;
				CLANG_WARN_INFINITE_RECURSION = YES;
				CLANG_WARN_INT_CONVERSION = YES;
				CLANG_WARN_NON_LITERAL_NULL_CONVERSION = YES;
				CLANG_WARN_OBJC_IMPLICIT_RETAIN_SELF = YES;
				CLANG_WARN_OBJC_LITERAL_CONVERSION = YES;
				CLANG_WARN_OBJC_ROOT_CLASS = YES_ERROR;
				CLANG_WARN_RANGE_LOOP_ANALYSIS = YES;
				CLANG_WARN_STRICT_PROTOTYPES = YES;
				CLANG_WARN_SUSPICIOUS_MOVE = YES;
				CLANG_WARN_UNGUARDED_AVAILABILITY = YES_AGGRESSIVE;
				CLANG_WARN_UNREACHABLE_CODE = YES;
				CLANG_WARN__DUPLICATE_METHOD_MATCH = YES;
				CODE_SIGN_IDENTITY = "iPhone Developer";
				COPY_PHASE_STRIP = NO;
				DEBUG_INFORMATION_FORMAT = "dwarf-with-dsym";
				ENABLE_NS_ASSERTIONS = NO;
				ENABLE_STRICT_OBJC_MSGSEND = YES;
				GCC_C_LANGUAGE_STANDARD = gnu11;
				GCC_NO_COMMON_BLOCKS = YES;
				GCC_WARN_64_TO_32_BIT_CONVERSION = YES;
				GCC_WARN_ABOUT_RETURN_TYPE = YES_ERROR;
				GCC_WARN_UNDECLARED_SELECTOR = YES;
				GCC_WARN_UNINITIALIZED_AUTOS = YES_AGGRESSIVE;
				GCC_WARN_UNUSED_FUNCTION = YES;
				GCC_WARN_UNUSED_VARIABLE = YES;
				IPHONEOS_DEPLOYMENT_TARGET = 12.1;
				MTL_ENABLE_DEBUG_INFO = NO;
				MTL_FAST_MATH = YES;
				SDKROOT = iphoneos;
				VALIDATE_PRODUCT = YES;
			};
			name = Release;
		};
		B0FCD61321D242CA0082E795 /* Debug */ = {
			isa = XCBuildConfiguration;
			baseConfigurationReference = B0BB7C51DCD7B605ABD120D9 /* Pods-SKIncomeTaxCalculator.debug.xcconfig */;
			buildSettings = {
				ASSETCATALOG_COMPILER_APPICON_NAME = AppIcon;
				CODE_SIGN_STYLE = Automatic;
				DEVELOPMENT_TEAM = 987Y5M3S28;
				INFOPLIST_FILE = SKIncomeTaxCalculator/Info.plist;
				IPHONEOS_DEPLOYMENT_TARGET = 10.0;
				LD_RUNPATH_SEARCH_PATHS = (
					"$(inherited)",
					"@executable_path/Frameworks",
				);
				PRODUCT_BUNDLE_IDENTIFIER = com.skyline.SKIncomeTaxCalculator;
				PRODUCT_NAME = "$(TARGET_NAME)";
				TARGETED_DEVICE_FAMILY = "1,2";
			};
			name = Debug;
		};
		B0FCD61421D242CA0082E795 /* Release */ = {
			isa = XCBuildConfiguration;
			baseConfigurationReference = ACF854F6109D64F9F5E6CD54 /* Pods-SKIncomeTaxCalculator.release.xcconfig */;
			buildSettings = {
				ASSETCATALOG_COMPILER_APPICON_NAME = AppIcon;
				CODE_SIGN_STYLE = Automatic;
				DEVELOPMENT_TEAM = 987Y5M3S28;
				INFOPLIST_FILE = SKIncomeTaxCalculator/Info.plist;
				IPHONEOS_DEPLOYMENT_TARGET = 10.0;
				LD_RUNPATH_SEARCH_PATHS = (
					"$(inherited)",
					"@executable_path/Frameworks",
				);
				PRODUCT_BUNDLE_IDENTIFIER = com.skyline.SKIncomeTaxCalculator;
				PRODUCT_NAME = "$(TARGET_NAME)";
				TARGETED_DEVICE_FAMILY = "1,2";
			};
			name = Release;
		};
/* End XCBuildConfiguration section */

/* Begin XCConfigurationList section */
		B0FCD5F721D242B70082E795 /* Build configuration list for PBXProject "SKIncomeTaxCalculator" */ = {
			isa = XCConfigurationList;
			buildConfigurations = (
				B0FCD61021D242CA0082E795 /* Debug */,
				B0FCD61121D242CA0082E795 /* Release */,
			);
			defaultConfigurationIsVisible = 0;
			defaultConfigurationName = Release;
		};
		B0FCD61221D242CA0082E795 /* Build configuration list for PBXNativeTarget "SKIncomeTaxCalculator" */ = {
			isa = XCConfigurationList;
			buildConfigurations = (
				B0FCD61321D242CA0082E795 /* Debug */,
				B0FCD61421D242CA0082E795 /* Release */,
			);
			defaultConfigurationIsVisible = 0;
			defaultConfigurationName = Release;
		};
/* End XCConfigurationList section */
	};
	rootObject = B0FCD5F421D242B70082E795 /* Project object */;
}
